
Microsoft Visual Studio Solution File, Format Version 12.00
Project("{2150E333-8FDC-42A3-9474-1A3956D46DE8}") = "Docs", "Docs", "{7F00CD86-BEB2-4813-852E-B2801EEB1B71}"
EndProject
Project("{2150E333-8FDC-42A3-9474-1A3956D46DE8}") = "Src", "Src", "{6CFF6070-C474-4537-A383-803F1D63112F}"
EndProject
Project("{2150E333-8FDC-42A3-9474-1A3956D46DE8}") = "Test", "Test", "{DBEF0A8A-844B-48F7-98AD-F4E912E66778}"
EndProject
Project("{FAE04EC0-301F-11D3-BF4B-00C04F79EFBC}") = "Example.Socket.Hub.Bootstrapper", "Example.Socket.Hub.Bootstrapper\Example.Socket.Hub.Bootstrapper.csproj", "{7D186C2C-8AA5-47D8-8FDC-E63D194B28B7}"
EndProject
Project("{2150E333-8FDC-42A3-9474-1A3956D46DE8}") = "Bootstrapper", "Bootstrapper", "{E03AE8DB-074E-4EE7-BF38-AA2830CDA5BE}"
EndProject
Project("{2150E333-8FDC-42A3-9474-1A3956D46DE8}") = "Infrastructure", "Infrastructure", "{51A67684-F22C-4BF1-AA99-B78E7FC51FBA}"
EndProject
Project("{FAE04EC0-301F-11D3-BF4B-00C04F79EFBC}") = "Example.Socket.Hub.Presentation", "Example.Socket.Hub.Presentation\Example.Socket.Hub.Presentation.csproj", "{805D0B63-8437-460D-BB21-7C02CFA25C22}"
EndProject
Project("{2150E333-8FDC-42A3-9474-1A3956D46DE8}") = "Core", "Core", "{29CFE337-9E7C-4655-AB87-2EED273A1794}"
EndProject
Project("{FAE04EC0-301F-11D3-BF4B-00C04F79EFBC}") = "Example.Socket.Hub.Application", "Example.Socket.Hub.Application\Example.Socket.Hub.Application.csproj", "{EBB43BEA-069A-4055-8101-6FA7C27FBD95}"
EndProject
Project("{FAE04EC0-301F-11D3-BF4B-00C04F79EFBC}") = "Example.Socket.Hub.Bus", "Example.Socket.Hub.Bus\Example.Socket.Hub.Bus.csproj", "{DF9DDC35-277F-4D5D-9D59-D6006ECB6C90}"
EndProject
Project("{2150E333-8FDC-42A3-9474-1A3956D46DE8}") = "Common", "Common", "{9B0968DA-0100-40AB-AA76-11B172FF87EA}"
EndProject
Project("{FAE04EC0-301F-11D3-BF4B-00C04F79EFBC}") = "Example.Socket.Hub.Events", "Example.Socket.Hub.Events\Example.Socket.Hub.Events.csproj", "{78437443-5B1E-43D9-8451-5394B0963A9E}"
EndProject
Global
	GlobalSection(SolutionConfigurationPlatforms) = preSolution
		Debug|Any CPU = Debug|Any CPU
		Release|Any CPU = Release|Any CPU
	EndGlobalSection
	GlobalSection(NestedProjects) = preSolution
		{E03AE8DB-074E-4EE7-BF38-AA2830CDA5BE} = {6CFF6070-C474-4537-A383-803F1D63112F}
		{7D186C2C-8AA5-47D8-8FDC-E63D194B28B7} = {E03AE8DB-074E-4EE7-BF38-AA2830CDA5BE}
		{51A67684-F22C-4BF1-AA99-B78E7FC51FBA} = {6CFF6070-C474-4537-A383-803F1D63112F}
		{805D0B63-8437-460D-BB21-7C02CFA25C22} = {51A67684-F22C-4BF1-AA99-B78E7FC51FBA}
		{29CFE337-9E7C-4655-AB87-2EED273A1794} = {6CFF6070-C474-4537-A383-803F1D63112F}
		{EBB43BEA-069A-4055-8101-6FA7C27FBD95} = {29CFE337-9E7C-4655-AB87-2EED273A1794}
		{DF9DDC35-277F-4D5D-9D59-D6006ECB6C90} = {51A67684-F22C-4BF1-AA99-B78E7FC51FBA}
		{78437443-5B1E-43D9-8451-5394B0963A9E} = {9B0968DA-0100-40AB-AA76-11B172FF87EA}
	EndGlobalSection
	GlobalSection(ProjectConfigurationPlatforms) = postSolution
		{7D186C2C-8AA5-47D8-8FDC-E63D194B28B7}.Debug|Any CPU.ActiveCfg = Debug|Any CPU
		{7D186C2C-8AA5-47D8-8FDC-E63D194B28B7}.Debug|Any CPU.Build.0 = Debug|Any CPU
		{7D186C2C-8AA5-47D8-8FDC-E63D194B28B7}.Release|Any CPU.ActiveCfg = Release|Any CPU
		{7D186C2C-8AA5-47D8-8FDC-E63D194B28B7}.Release|Any CPU.Build.0 = Release|Any CPU
		{805D0B63-8437-460D-BB21-7C02CFA25C22}.Debug|Any CPU.ActiveCfg = Debug|Any CPU
		{805D0B63-8437-460D-BB21-7C02CFA25C22}.Debug|Any CPU.Build.0 = Debug|Any CPU
		{805D0B63-8437-460D-BB21-7C02CFA25C22}.Release|Any CPU.ActiveCfg = Release|Any CPU
		{805D0B63-8437-460D-BB21-7C02CFA25C22}.Release|Any CPU.Build.0 = Release|Any CPU
		{EBB43BEA-069A-4055-8101-6FA7C27FBD95}.Debug|Any CPU.ActiveCfg = Debug|Any CPU
		{EBB43BEA-069A-4055-8101-6FA7C27FBD95}.Debug|Any CPU.Build.0 = Debug|Any CPU
		{EBB43BEA-069A-4055-8101-6FA7C27FBD95}.Release|Any CPU.ActiveCfg = Release|Any CPU
		{EBB43BEA-069A-4055-8101-6FA7C27FBD95}.Release|Any CPU.Build.0 = Release|Any CPU
		{DF9DDC35-277F-4D5D-9D59-D6006ECB6C90}.Debug|Any CPU.ActiveCfg = Debug|Any CPU
		{DF9DDC35-277F-4D5D-9D59-D6006ECB6C90}.Debug|Any CPU.Build.0 = Debug|Any CPU
		{DF9DDC35-277F-4D5D-9D59-D6006ECB6C90}.Release|Any CPU.ActiveCfg = Release|Any CPU
		{DF9DDC35-277F-4D5D-9D59-D6006ECB6C90}.Release|Any CPU.Build.0 = Release|Any CPU
		{78437443-5B1E-43D9-8451-5394B0963A9E}.Debug|Any CPU.ActiveCfg = Debug|Any CPU
		{78437443-5B1E-43D9-8451-5394B0963A9E}.Debug|Any CPU.Build.0 = Debug|Any CPU
		{78437443-5B1E-43D9-8451-5394B0963A9E}.Release|Any CPU.ActiveCfg = Release|Any CPU
		{78437443-5B1E-43D9-8451-5394B0963A9E}.Release|Any CPU.Build.0 = Release|Any CPU
	EndGlobalSection
EndGlobal
